{
  "name": "feierdeeg",
  "version": "1.0.0",
  "lockfileVersion": 2,
  "requires": true,
  "packages": {
    "": {
      "name": "feierdeeg",
      "version": "1.0.0",
      "license": "MIT",
      "dependencies": {
        "date-holidays": "^3.24.1",
        "date-holidays-ical": "^2.0.2",
        "dotenv": "^16.0.3",
        "https-proxy-agent": "^7.0.6",
        "node-fetch": "^3.3.0",
        "throttled-queue": "^2.1.4"
      }
    },
    "node_modules/agent-base": {
      "version": "7.1.3",
      "resolved": "https://registry.npmjs.org/agent-base/-/agent-base-7.1.3.tgz",
      "integrity": "sha512-jRR5wdylq8CkOe6hei19GGZnxM6rBGwFl3Bg0YItGDimvjGtAvdZk4Pu6Cl4u4Igsws4a1fd1Vq3ezrhn4KmFw==",
      "license": "MIT",
      "engines": {
        "node": ">= 14"
      }
    },
    "node_modules/argparse": {
      "version": "2.0.1",
      "resolved": "https://registry.npmjs.org/argparse/-/argparse-2.0.1.tgz",
      "integrity": "sha512-8+9WqebbFzpX9OR+Wa6O29asIogeRMzcGtAINdpMHHyAg10f05aSFVBbcEqGf/PXw1EjAZ+q2/bEBg3DvurK3Q=="
    },
    "node_modules/astronomia": {
      "version": "4.1.1",
      "resolved": "https://registry.npmjs.org/astronomia/-/astronomia-4.1.1.tgz",
      "integrity": "sha512-TcJD9lUC5eAo0/Ji7rnQauX/yQbi0yZWM+JsNr77W3OA5fsrgvuFgubLMFwfw4VlZ29cu9dG/yfJbfvuTSftjg==",
      "license": "MIT",
      "engines": {
        "node": ">=12.0.0"
      }
    },
    "node_modules/caldate": {
      "version": "2.0.5",
      "resolved": "https://registry.npmjs.org/caldate/-/caldate-2.0.5.tgz",
      "integrity": "sha512-JndhrUuDuE975KUhFqJaVR1OQkCHZqpOrJur/CFXEIEhWhBMjxO85cRSK8q4FW+B+yyPq6GYua2u4KvNzTcq0w==",
      "license": "ISC",
      "dependencies": {
        "moment-timezone": "^0.5.43"
      },
      "engines": {
        "node": ">=12.0.0"
      }
    },
    "node_modules/data-uri-to-buffer": {
      "version": "4.0.0",
      "resolved": "https://registry.npmjs.org/data-uri-to-buffer/-/data-uri-to-buffer-4.0.0.tgz",
      "integrity": "sha512-Vr3mLBA8qWmcuschSLAOogKgQ/Jwxulv3RNE4FXnYWRGujzrRWQI4m12fQqRkwX06C0KanhLr4hK+GydchZsaA==",
      "engines": {
        "node": ">= 12"
      }
    },
    "node_modules/date-bengali-revised": {
      "version": "2.0.2",
      "resolved": "https://registry.npmjs.org/date-bengali-revised/-/date-bengali-revised-2.0.2.tgz",
      "integrity": "sha512-q9iDru4+TSA9k4zfm0CFHJj6nBsxP7AYgWC/qodK/i7oOIlj5K2z5IcQDtESfs/Qwqt/xJYaP86tkazd/vRptg==",
      "license": "MIT",
      "engines": {
        "node": ">=12.0.0"
      }
    },
    "node_modules/date-chinese": {
      "version": "2.1.4",
      "resolved": "https://registry.npmjs.org/date-chinese/-/date-chinese-2.1.4.tgz",
      "integrity": "sha512-WY+6+Qw92ZGWFvGtStmNQHEYpNa87b8IAQ5T8VKt4wqrn24lBXyyBnWI5jAIyy7h/KVwJZ06bD8l/b7yss82Ww==",
      "license": "MIT",
      "dependencies": {
        "astronomia": "^4.1.0"
      },
      "engines": {
        "node": ">=12.0.0"
      }
    },
    "node_modules/date-easter": {
      "version": "1.0.3",
      "resolved": "https://registry.npmjs.org/date-easter/-/date-easter-1.0.3.tgz",
      "integrity": "sha512-aOViyIgpM4W0OWUiLqivznwTtuMlD/rdUWhc5IatYnplhPiWrLv75cnifaKYhmQwUBLAMWLNG4/9mlLIbXoGBQ==",
      "license": "MIT",
      "engines": {
        "node": ">=12.0.0"
      }
    },
    "node_modules/date-holidays": {
      "version": "3.24.1",
      "resolved": "https://registry.npmjs.org/date-holidays/-/date-holidays-3.24.1.tgz",
      "integrity": "sha512-Vth1xzC2EHA4tUkNGAKxX0iJZ9XfKfhzsIjVkCF3HVmN722ZpkuFY9i2VbrKFa3QDMZO1D3fXuYGsVGB1ZJqZQ==",
      "license": "(ISC AND CC-BY-3.0)",
      "dependencies": {
        "date-holidays-parser": "^3.4.7",
        "js-yaml": "^4.1.0",
        "lodash": "^4.17.21",
        "prepin": "^1.0.3"
      },
      "bin": {
        "holidays2json": "scripts/holidays2json.cjs"
      },
      "engines": {
        "node": ">=12.0.0"
      }
    },
    "node_modules/date-holidays-ical": {
      "version": "2.0.2",
      "resolved": "https://registry.npmjs.org/date-holidays-ical/-/date-holidays-ical-2.0.2.tgz",
      "integrity": "sha512-8RN50J1JQrZeT4xtiqN2fX1+/L2JMZfWL7pclB+dLDKwuo8wEa60qVG9hxU+5MjFeYW9upANHfdMyBYq5H8vZA==",
      "dependencies": {
        "date-holidays": "^3.14.1"
      },
      "bin": {
        "holidays-ical": "bin/holidays-ical.cjs"
      },
      "engines": {
        "node": ">=12.0.0"
      }
    },
    "node_modules/date-holidays-parser": {
      "version": "3.4.7",
      "resolved": "https://registry.npmjs.org/date-holidays-parser/-/date-holidays-parser-3.4.7.tgz",
      "integrity": "sha512-h09ZEtM6u5cYM6m1bX+1Ny9f+nLO9KVZUKNPEnH7lhbXYTfqZogaGTnhONswGeIJFF91UImIftS3CdM9HLW5oQ==",
      "license": "ISC",
      "dependencies": {
        "astronomia": "^4.1.1",
        "caldate": "^2.0.5",
        "date-bengali-revised": "^2.0.2",
        "date-chinese": "^2.1.4",
        "date-easter": "^1.0.3",
        "deepmerge": "^4.3.1",
        "jalaali-js": "^1.2.7",
        "moment-timezone": "^0.5.47"
      },
      "engines": {
        "node": ">=12.0.0"
      }
    },
    "node_modules/debug": {
      "version": "4.4.0",
      "resolved": "https://registry.npmjs.org/debug/-/debug-4.4.0.tgz",
      "integrity": "sha512-6WTZ/IxCY/T6BALoZHaE4ctp9xm+Z5kY/pzYaCHRFeyVhojxlrm+46y68HA6hr0TcwEssoxNiDEUJQjfPZ/RYA==",
      "license": "MIT",
      "dependencies": {
        "ms": "^2.1.3"
      },
      "engines": {
        "node": ">=6.0"
      },
      "peerDependenciesMeta": {
        "supports-color": {
          "optional": true
        }
      }
    },
    "node_modules/deepmerge": {
      "version": "4.3.1",
      "resolved": "https://registry.npmjs.org/deepmerge/-/deepmerge-4.3.1.tgz",
      "integrity": "sha512-3sUqbMEc77XqpdNO7FRyRog+eW3ph+GYCbj+rK+uYyRMuwsVy0rMiVtPn+QJlKFvWP/1PYpapqYn0Me2knFn+A==",
      "license": "MIT",
      "engines": {
        "node": ">=0.10.0"
      }
    },
    "node_modules/dotenv": {
      "version": "16.0.3",
      "resolved": "https://registry.npmjs.org/dotenv/-/dotenv-16.0.3.tgz",
      "integrity": "sha512-7GO6HghkA5fYG9TYnNxi14/7K9f5occMlp3zXAuSxn7CKCxt9xbNWG7yF8hTCSUchlfWSe3uLmlPfigevRItzQ==",
      "engines": {
        "node": ">=12"
      }
    },
    "node_modules/fetch-blob": {
      "version": "3.2.0",
      "resolved": "https://registry.npmjs.org/fetch-blob/-/fetch-blob-3.2.0.tgz",
      "integrity": "sha512-7yAQpD2UMJzLi1Dqv7qFYnPbaPx7ZfFK6PiIxQ4PfkGPyNyl2Ugx+a/umUonmKqjhM4DnfbMvdX6otXq83soQQ==",
      "funding": [
        {
          "type": "github",
          "url": "https://github.com/sponsors/jimmywarting"
        },
        {
          "type": "paypal",
          "url": "https://paypal.me/jimmywarting"
        }
      ],
      "dependencies": {
        "node-domexception": "^1.0.0",
        "web-streams-polyfill": "^3.0.3"
      },
      "engines": {
        "node": "^12.20 || >= 14.13"
      }
    },
    "node_modules/formdata-polyfill": {
      "version": "4.0.10",
      "resolved": "https://registry.npmjs.org/formdata-polyfill/-/formdata-polyfill-4.0.10.tgz",
      "integrity": "sha512-buewHzMvYL29jdeQTVILecSaZKnt/RJWjoZCF5OW60Z67/GmSLBkOFM7qh1PI3zFNtJbaZL5eQu1vLfazOwj4g==",
      "dependencies": {
        "fetch-blob": "^3.1.2"
      },
      "engines": {
        "node": ">=12.20.0"
      }
    },
    "node_modules/https-proxy-agent": {
      "version": "7.0.6",
      "resolved": "https://registry.npmjs.org/https-proxy-agent/-/https-proxy-agent-7.0.6.tgz",
      "integrity": "sha512-vK9P5/iUfdl95AI+JVyUuIcVtd4ofvtrOr3HNtM2yxC9bnMbEdp3x01OhQNnjb8IJYi38VlTE3mBXwcfvywuSw==",
      "license": "MIT",
      "dependencies": {
        "agent-base": "^7.1.2",
        "debug": "4"
      },
      "engines": {
        "node": ">= 14"
      }
    },
    "node_modules/jalaali-js": {
      "version": "1.2.8",
      "resolved": "https://registry.npmjs.org/jalaali-js/-/jalaali-js-1.2.8.tgz",
      "integrity": "sha512-Jl/EwY84JwjW2wsWqeU4pNd22VNQ7EkjI36bDuLw31wH98WQW4fPjD0+mG7cdCK+Y8D6s9R3zLiQ3LaKu6bD8A==",
      "license": "MIT"
    },
    "node_modules/js-yaml": {
      "version": "4.1.0",
      "resolved": "https://registry.npmjs.org/js-yaml/-/js-yaml-4.1.0.tgz",
      "integrity": "sha512-wpxZs9NoxZaJESJGIZTyDEaYpl0FKSA+FB9aJiyemKhMwkxQg63h4T1KJgUGHpTqPDNRcmmYLugrRjJlBtWvRA==",
      "dependencies": {
        "argparse": "^2.0.1"
      },
      "bin": {
        "js-yaml": "bin/js-yaml.js"
      }
    },
    "node_modules/lodash": {
      "version": "4.17.21",
      "resolved": "https://registry.npmjs.org/lodash/-/lodash-4.17.21.tgz",
      "integrity": "sha512-v2kDEe57lecTulaDIuNTPy3Ry4gLGJ6Z1O3vE1krgXZNrsQ+LFTGHVxVjcXPs17LhbZVGedAJv8XZ1tvj5FvSg==",
      "license": "MIT"
    },
    "node_modules/moment": {
      "version": "2.30.1",
      "resolved": "https://registry.npmjs.org/moment/-/moment-2.30.1.tgz",
      "integrity": "sha512-uEmtNhbDOrWPFS+hdjFCBfy9f2YoyzRpwcl+DqpC6taX21FzsTLQVbMV/W7PzNSX6x/bhC1zA3c2UQ5NzH6how==",
      "license": "MIT",
      "engines": {
        "node": "*"
      }
    },
    "node_modules/moment-timezone": {
      "version": "0.5.48",
      "resolved": "https://registry.npmjs.org/moment-timezone/-/moment-timezone-0.5.48.tgz",
      "integrity": "sha512-f22b8LV1gbTO2ms2j2z13MuPogNoh5UzxL3nzNAYKGraILnbGc9NEE6dyiiiLv46DGRb8A4kg8UKWLjPthxBHw==",
      "license": "MIT",
      "dependencies": {
        "moment": "^2.29.4"
      },
      "engines": {
        "node": "*"
      }
    },
    "node_modules/ms": {
      "version": "2.1.3",
      "resolved": "https://registry.npmjs.org/ms/-/ms-2.1.3.tgz",
      "integrity": "sha512-6FlzubTLZG3J2a/NVCAleEhjzq5oxgHyaCU9yYXvcLsvoVaHJq/s5xXI6/XXP6tz7R9xAOtHnSO/tXtF3WRTlA==",
      "license": "MIT"
    },
    "node_modules/node-domexception": {
      "version": "1.0.0",
      "resolved": "https://registry.npmjs.org/node-domexception/-/node-domexception-1.0.0.tgz",
      "integrity": "sha512-/jKZoMpw0F8GRwl4/eLROPA3cfcXtLApP0QzLmUT/HuPCZWyB7IY9ZrMeKw2O/nFIqPQB3PVM9aYm0F312AXDQ==",
      "funding": [
        {
          "type": "github",
          "url": "https://github.com/sponsors/jimmywarting"
        },
        {
          "type": "github",
          "url": "https://paypal.me/jimmywarting"
        }
      ],
      "engines": {
        "node": ">=10.5.0"
      }
    },
    "node_modules/node-fetch": {
      "version": "3.3.0",
      "resolved": "https://registry.npmjs.org/node-fetch/-/node-fetch-3.3.0.tgz",
      "integrity": "sha512-BKwRP/O0UvoMKp7GNdwPlObhYGB5DQqwhEDQlNKuoqwVYSxkSZCSbHjnFFmUEtwSKRPU4kNK8PbDYYitwaE3QA==",
      "dependencies": {
        "data-uri-to-buffer": "^4.0.0",
        "fetch-blob": "^3.1.4",
        "formdata-polyfill": "^4.0.10"
      },
      "engines": {
        "node": "^12.20.0 || ^14.13.1 || >=16.0.0"
      },
      "funding": {
        "type": "opencollective",
        "url": "https://opencollective.com/node-fetch"
      }
    },
    "node_modules/prepin": {
      "version": "1.0.3",
      "resolved": "https://registry.npmjs.org/prepin/-/prepin-1.0.3.tgz",
      "integrity": "sha512-0XL2hreherEEvUy0fiaGEfN/ioXFV+JpImqIzQjxk6iBg4jQ2ARKqvC4+BmRD8w/pnpD+lbxvh0Ub+z7yBEjvA==",
      "bin": {
        "prepin": "bin/prepin.js"
      }
    },
    "node_modules/throttled-queue": {
      "version": "2.1.4",
      "resolved": "https://registry.npmjs.org/throttled-queue/-/throttled-queue-2.1.4.tgz",
      "integrity": "sha512-YGdk8sdmr4ge3g+doFj/7RLF5kLM+Mi7DEciu9PHxnMJZMeVuZeTj31g4VE7ekUffx/IdbvrtOCiz62afg0mkg=="
    },
    "node_modules/web-streams-polyfill": {
      "version": "3.2.1",
      "resolved": "https://registry.npmjs.org/web-streams-polyfill/-/web-streams-polyfill-3.2.1.tgz",
      "integrity": "sha512-e0MO3wdXWKrLbL0DgGnUV7WHVuw9OUvL4hjgnPkIeEvESk74gAITi5G606JtZPp39cd8HA9VQzCIvA49LpPN5Q==",
      "engines": {
        "node": ">= 8"
      }
    }
  },
  "dependencies": {
    "agent-base": {
      "version": "7.1.3",
      "resolved": "https://registry.npmjs.org/agent-base/-/agent-base-7.1.3.tgz",
      "integrity": "sha512-jRR5wdylq8CkOe6hei19GGZnxM6rBGwFl3Bg0YItGDimvjGtAvdZk4Pu6Cl4u4Igsws4a1fd1Vq3ezrhn4KmFw=="
    },
    "argparse": {
      "version": "2.0.1",
      "resolved": "https://registry.npmjs.org/argparse/-/argparse-2.0.1.tgz",
      "integrity": "sha512-8+9WqebbFzpX9OR+Wa6O29asIogeRMzcGtAINdpMHHyAg10f05aSFVBbcEqGf/PXw1EjAZ+q2/bEBg3DvurK3Q=="
    },
    "astronomia": {
      "version": "4.1.1",
      "resolved": "https://registry.npmjs.org/astronomia/-/astronomia-4.1.1.tgz",
      "integrity": "sha512-TcJD9lUC5eAo0/Ji7rnQauX/yQbi0yZWM+JsNr77W3OA5fsrgvuFgubLMFwfw4VlZ29cu9dG/yfJbfvuTSftjg=="
    },
    "caldate": {
      "version": "2.0.5",
      "resolved": "https://registry.npmjs.org/caldate/-/caldate-2.0.5.tgz",
      "integrity": "sha512-JndhrUuDuE975KUhFqJaVR1OQkCHZqpOrJur/CFXEIEhWhBMjxO85cRSK8q4FW+B+yyPq6GYua2u4KvNzTcq0w==",
      "requires": {
        "moment-timezone": "^0.5.43"
      }
    },
    "data-uri-to-buffer": {
      "version": "4.0.0",
      "resolved": "https://registry.npmjs.org/data-uri-to-buffer/-/data-uri-to-buffer-4.0.0.tgz",
      "integrity": "sha512-Vr3mLBA8qWmcuschSLAOogKgQ/Jwxulv3RNE4FXnYWRGujzrRWQI4m12fQqRkwX06C0KanhLr4hK+GydchZsaA=="
    },
    "date-bengali-revised": {
      "version": "2.0.2",
      "resolved": "https://registry.npmjs.org/date-bengali-revised/-/date-bengali-revised-2.0.2.tgz",
      "integrity": "sha512-q9iDru4+TSA9k4zfm0CFHJj6nBsxP7AYgWC/qodK/i7oOIlj5K2z5IcQDtESfs/Qwqt/xJYaP86tkazd/vRptg=="
    },
    "date-chinese": {
      "version": "2.1.4",
      "resolved": "https://registry.npmjs.org/date-chinese/-/date-chinese-2.1.4.tgz",
      "integrity": "sha512-WY+6+Qw92ZGWFvGtStmNQHEYpNa87b8IAQ5T8VKt4wqrn24lBXyyBnWI5jAIyy7h/KVwJZ06bD8l/b7yss82Ww==",
      "requires": {
        "astronomia": "^4.1.0"
      }
    },
    "date-easter": {
      "version": "1.0.3",
      "resolved": "https://registry.npmjs.org/date-easter/-/date-easter-1.0.3.tgz",
      "integrity": "sha512-aOViyIgpM4W0OWUiLqivznwTtuMlD/rdUWhc5IatYnplhPiWrLv75cnifaKYhmQwUBLAMWLNG4/9mlLIbXoGBQ=="
    },
    "date-holidays": {
      "version": "3.24.1",
      "resolved": "https://registry.npmjs.org/date-holidays/-/date-holidays-3.24.1.tgz",
      "integrity": "sha512-Vth1xzC2EHA4tUkNGAKxX0iJZ9XfKfhzsIjVkCF3HVmN722ZpkuFY9i2VbrKFa3QDMZO1D3fXuYGsVGB1ZJqZQ==",
      "requires": {
        "date-holidays-parser": "^3.4.7",
        "js-yaml": "^4.1.0",
        "lodash": "^4.17.21",
        "prepin": "^1.0.3"
      }
    },
    "date-holidays-ical": {
      "version": "2.0.2",
      "resolved": "https://registry.npmjs.org/date-holidays-ical/-/date-holidays-ical-2.0.2.tgz",
      "integrity": "sha512-8RN50J1JQrZeT4xtiqN2fX1+/L2JMZfWL7pclB+dLDKwuo8wEa60qVG9hxU+5MjFeYW9upANHfdMyBYq5H8vZA==",
      "requires": {
        "date-holidays": "^3.14.1"
      }
    },
    "date-holidays-parser": {
      "version": "3.4.7",
      "resolved": "https://registry.npmjs.org/date-holidays-parser/-/date-holidays-parser-3.4.7.tgz",
      "integrity": "sha512-h09ZEtM6u5cYM6m1bX+1Ny9f+nLO9KVZUKNPEnH7lhbXYTfqZogaGTnhONswGeIJFF91UImIftS3CdM9HLW5oQ==",
      "requires": {
        "astronomia": "^4.1.1",
        "caldate": "^2.0.5",
        "date-bengali-revised": "^2.0.2",
        "date-chinese": "^2.1.4",
        "date-easter": "^1.0.3",
        "deepmerge": "^4.3.1",
        "jalaali-js": "^1.2.7",
        "moment-timezone": "^0.5.47"
      }
    },
    "debug": {
      "version": "4.4.0",
      "resolved": "https://registry.npmjs.org/debug/-/debug-4.4.0.tgz",
      "integrity": "sha512-6WTZ/IxCY/T6BALoZHaE4ctp9xm+Z5kY/pzYaCHRFeyVhojxlrm+46y68HA6hr0TcwEssoxNiDEUJQjfPZ/RYA==",
      "requires": {
        "ms": "^2.1.3"
      }
    },
    "deepmerge": {
      "version": "4.3.1",
      "resolved": "https://registry.npmjs.org/deepmerge/-/deepmerge-4.3.1.tgz",
      "integrity": "sha512-3sUqbMEc77XqpdNO7FRyRog+eW3ph+GYCbj+rK+uYyRMuwsVy0rMiVtPn+QJlKFvWP/1PYpapqYn0Me2knFn+A=="
    },
    "dotenv": {
      "version": "16.0.3",
      "resolved": "https://registry.npmjs.org/dotenv/-/dotenv-16.0.3.tgz",
      "integrity": "sha512-7GO6HghkA5fYG9TYnNxi14/7K9f5occMlp3zXAuSxn7CKCxt9xbNWG7yF8hTCSUchlfWSe3uLmlPfigevRItzQ=="
    },
    "fetch-blob": {
      "version": "3.2.0",
      "resolved": "https://registry.npmjs.org/fetch-blob/-/fetch-blob-3.2.0.tgz",
      "integrity": "sha512-7yAQpD2UMJzLi1Dqv7qFYnPbaPx7ZfFK6PiIxQ4PfkGPyNyl2Ugx+a/umUonmKqjhM4DnfbMvdX6otXq83soQQ==",
      "requires": {
        "node-domexception": "^1.0.0",
        "web-streams-polyfill": "^3.0.3"
      }
    },
    "formdata-polyfill": {
      "version": "4.0.10",
      "resolved": "https://registry.npmjs.org/formdata-polyfill/-/formdata-polyfill-4.0.10.tgz",
      "integrity": "sha512-buewHzMvYL29jdeQTVILecSaZKnt/RJWjoZCF5OW60Z67/GmSLBkOFM7qh1PI3zFNtJbaZL5eQu1vLfazOwj4g==",
      "requires": {
        "fetch-blob": "^3.1.2"
      }
    },
    "https-proxy-agent": {
      "version": "7.0.6",
      "resolved": "https://registry.npmjs.org/https-proxy-agent/-/https-proxy-agent-7.0.6.tgz",
      "integrity": "sha512-vK9P5/iUfdl95AI+JVyUuIcVtd4ofvtrOr3HNtM2yxC9bnMbEdp3x01OhQNnjb8IJYi38VlTE3mBXwcfvywuSw==",
      "requires": {
        "agent-base": "^7.1.2",
        "debug": "4"
      }
    },
    "jalaali-js": {
      "version": "1.2.8",
      "resolved": "https://registry.npmjs.org/jalaali-js/-/jalaali-js-1.2.8.tgz",
      "integrity": "sha512-Jl/EwY84JwjW2wsWqeU4pNd22VNQ7EkjI36bDuLw31wH98WQW4fPjD0+mG7cdCK+Y8D6s9R3zLiQ3LaKu6bD8A=="
    },
    "js-yaml": {
      "version": "4.1.0",
      "resolved": "https://registry.npmjs.org/js-yaml/-/js-yaml-4.1.0.tgz",
      "integrity": "sha512-wpxZs9NoxZaJESJGIZTyDEaYpl0FKSA+FB9aJiyemKhMwkxQg63h4T1KJgUGHpTqPDNRcmmYLugrRjJlBtWvRA==",
      "requires": {
        "argparse": "^2.0.1"
      }
    },
    "lodash": {
      "version": "4.17.21",
      "resolved": "https://registry.npmjs.org/lodash/-/lodash-4.17.21.tgz",
      "integrity": "sha512-v2kDEe57lecTulaDIuNTPy3Ry4gLGJ6Z1O3vE1krgXZNrsQ+LFTGHVxVjcXPs17LhbZVGedAJv8XZ1tvj5FvSg=="
    },
    "moment": {
      "version": "2.30.1",
      "resolved": "https://registry.npmjs.org/moment/-/moment-2.30.1.tgz",
      "integrity": "sha512-uEmtNhbDOrWPFS+hdjFCBfy9f2YoyzRpwcl+DqpC6taX21FzsTLQVbMV/W7PzNSX6x/bhC1zA3c2UQ5NzH6how=="
    },
    "moment-timezone": {
      "version": "0.5.48",
      "resolved": "https://registry.npmjs.org/moment-timezone/-/moment-timezone-0.5.48.tgz",
      "integrity": "sha512-f22b8LV1gbTO2ms2j2z13MuPogNoh5UzxL3nzNAYKGraILnbGc9NEE6dyiiiLv46DGRb8A4kg8UKWLjPthxBHw==",
      "requires": {
        "moment": "^2.29.4"
      }
    },
    "ms": {
      "version": "2.1.3",
      "resolved": "https://registry.npmjs.org/ms/-/ms-2.1.3.tgz",
      "integrity": "sha512-6FlzubTLZG3J2a/NVCAleEhjzq5oxgHyaCU9yYXvcLsvoVaHJq/s5xXI6/XXP6tz7R9xAOtHnSO/tXtF3WRTlA=="
    },
    "node-domexception": {
      "version": "1.0.0",
      "resolved": "https://registry.npmjs.org/node-domexception/-/node-domexception-1.0.0.tgz",
      "integrity": "sha512-/jKZoMpw0F8GRwl4/eLROPA3cfcXtLApP0QzLmUT/HuPCZWyB7IY9ZrMeKw2O/nFIqPQB3PVM9aYm0F312AXDQ=="
    },
    "node-fetch": {
      "version": "3.3.0",
      "resolved": "https://registry.npmjs.org/node-fetch/-/node-fetch-3.3.0.tgz",
      "integrity": "sha512-BKwRP/O0UvoMKp7GNdwPlObhYGB5DQqwhEDQlNKuoqwVYSxkSZCSbHjnFFmUEtwSKRPU4kNK8PbDYYitwaE3QA==",
      "requires": {
        "data-uri-to-buffer": "^4.0.0",
        "fetch-blob": "^3.1.4",
        "formdata-polyfill": "^4.0.10"
      }
    },
    "prepin": {
      "version": "1.0.3",
      "resolved": "https://registry.npmjs.org/prepin/-/prepin-1.0.3.tgz",
      "integrity": "sha512-0XL2hreherEEvUy0fiaGEfN/ioXFV+JpImqIzQjxk6iBg4jQ2ARKqvC4+BmRD8w/pnpD+lbxvh0Ub+z7yBEjvA=="
    },
    "throttled-queue": {
      "version": "2.1.4",
      "resolved": "https://registry.npmjs.org/throttled-queue/-/throttled-queue-2.1.4.tgz",
      "integrity": "sha512-YGdk8sdmr4ge3g+doFj/7RLF5kLM+Mi7DEciu9PHxnMJZMeVuZeTj31g4VE7ekUffx/IdbvrtOCiz62afg0mkg=="
    },
    "web-streams-polyfill": {
      "version": "3.2.1",
      "resolved": "https://registry.npmjs.org/web-streams-polyfill/-/web-streams-polyfill-3.2.1.tgz",
      "integrity": "sha512-e0MO3wdXWKrLbL0DgGnUV7WHVuw9OUvL4hjgnPkIeEvESk74gAITi5G606JtZPp39cd8HA9VQzCIvA49LpPN5Q=="
    }
  }
}
